<?xml version="1.0" encoding="utf-8"?>
<Project ToolsVersion="4.0" xmlns="http://schemas.microsoft.com/developer/msbuild/2003">
  <ItemGroup>
    <Filter Include="win32">
      <UniqueIdentifier>{84a8ebd7-7cf0-47f6-b75e-d441df67da40}</UniqueIdentifier>
    </Filter>
    <Filter Include="resource">
      <UniqueIdentifier>{715254bc-d70b-4ec5-bf29-467dd3ace079}</UniqueIdentifier>
    </Filter>
    <Filter Include="src">
      <UniqueIdentifier>{bb6c862e-70e9-49d9-81b7-3829a6f50471}</UniqueIdentifier>
    </Filter>
    <Filter Include="src\场景">
      <UniqueIdentifier>{ad75fa58-4cab-41c3-ac62-d87b4e1e2962}</UniqueIdentifier>
    </Filter>
    <Filter Include="src\JSON">
      <UniqueIdentifier>{7ef2b68f-45df-45ed-bda1-9b43c484eeab}</UniqueIdentifier>
    </Filter>
    <Filter Include="src\对象">
      <UniqueIdentifier>{3daefbb2-02b9-4a6c-908f-d66a745d42b5}</UniqueIdentifier>
    </Filter>
  </ItemGroup>
  <ItemGroup>
    <ClCompile Include="main.cpp">
      <Filter>win32</Filter>
    </ClCompile>
    <ClCompile Include="..\Classes\AppDelegate.cpp">
      <Filter>src\场景</Filter>
    </ClCompile>
    <ClCompile Include="..\Classes\BackgroundLayer.cpp">
      <Filter>src\场景</Filter>
    </ClCompile>
    <ClCompile Include="..\Classes\json\json_reader.cpp">
      <Filter>src\JSON</Filter>
    </ClCompile>
    <ClCompile Include="..\Classes\json\json_value.cpp">
      <Filter>src\JSON</Filter>
    </ClCompile>
    <ClCompile Include="..\Classes\json\json_writer.cpp">
      <Filter>src\JSON</Filter>
    </ClCompile>
    <ClCompile Include="..\Classes\Monster.cpp">
      <Filter>src\对象</Filter>
    </ClCompile>
    <ClCompile Include="..\Classes\Player.cpp">
      <Filter>src\对象</Filter>
    </ClCompile>
    <ClCompile Include="..\Classes\TollgateScene.cpp">
      <Filter>src\场景</Filter>
    </ClCompile>
    <ClCompile Include="..\Classes\Bullet.cpp">
      <Filter>src\对象</Filter>
    </ClCompile>
  </ItemGroup>
  <ItemGroup>
    <ClInclude Include="main.h">
      <Filter>win32</Filter>
    </ClInclude>
    <ClInclude Include="..\Classes\AppDelegate.h">
      <Filter>src\场景</Filter>
    </ClInclude>
    <ClInclude Include="..\Classes\json\autolink.h">
      <Filter>src\JSON</Filter>
    </ClInclude>
    <ClInclude Include="..\Classes\BackgroundLayer.h">
      <Filter>src\场景</Filter>
    </ClInclude>
    <ClInclude Include="..\Classes\json\config.h">
      <Filter>src\JSON</Filter>
    </ClInclude>
    <ClInclude Include="..\Classes\json\features.h">
      <Filter>src\JSON</Filter>
    </ClInclude>
    <ClInclude Include="..\Classes\json\forwards.h">
      <Filter>src\JSON</Filter>
    </ClInclude>
    <ClInclude Include="..\Classes\json\json.h">
      <Filter>src\JSON</Filter>
    </ClInclude>
    <ClInclude Include="..\Classes\json\json_batchallocator.h">
      <Filter>src\JSON</Filter>
    </ClInclude>
    <ClInclude Include="..\Classes\Monster.h">
      <Filter>src\对象</Filter>
    </ClInclude>
    <ClInclude Include="..\Classes\MonsterConfig.h">
      <Filter>src\对象</Filter>
    </ClInclude>
    <ClInclude Include="..\Classes\objectTag.h">
      <Filter>src\对象</Filter>
    </ClInclude>
    <ClInclude Include="..\Classes\Player.h">
      <Filter>src\对象</Filter>
    </ClInclude>
    <ClInclude Include="..\Classes\json\reader.h">
      <Filter>src\JSON</Filter>
    </ClInclude>
    <ClInclude Include="..\Classes\TollgateScene.h">
      <Filter>src\场景</Filter>
    </ClInclude>
    <ClInclude Include="..\Classes\json\value.h">
      <Filter>src\JSON</Filter>
    </ClInclude>
    <ClInclude Include="..\Classes\json\writer.h">
      <Filter>src\JSON</Filter>
    </ClInclude>
    <ClInclude Include="..\Classes\Bullet.h">
      <Filter>src\对象</Filter>
    </ClInclude>
  </ItemGroup>
  <ItemGroup>
    <ResourceCompile Include="game.rc">
      <Filter>resource</Filter>
    </ResourceCompile>
  </ItemGroup>
  <ItemGroup>
    <None Include="..\Classes\json\json_internalarray.inl">
      <Filter>src\JSON</Filter>
    </None>
    <None Include="..\Classes\json\json_internalmap.inl">
      <Filter>src\JSON</Filter>
    </None>
    <None Include="..\Classes\json\json_valueiterator.inl">
      <Filter>src\JSON</Filter>
    </None>
  </ItemGroup>
</Project>